
Microsoft Visual Studio Solution File, Format Version 12.00
# Visual Studio Version 17
VisualStudioVersion = 17.0.31903.59
MinimumVisualStudioVersion = 10.0.40219.1
Project("{FAE04EC0-301F-11D3-BF4B-00C04F79EFBC}") = "HotelReservation.API", "HotelReservation.API\HotelReservation.API.csproj", "{6BE15CC5-80EC-4773-A03C-18F9729B5D74}"
EndProject
Global
	GlobalSection(SolutionConfigurationPlatforms) = preSolution
		Debug|Any CPU = Debug|Any CPU
		Release|Any CPU = Release|Any CPU
	EndGlobalSection
	GlobalSection(ProjectConfigurationPlatforms) = postSolution
		{6BE15CC5-80EC-4773-A03C-18F9729B5D74}.Debug|Any CPU.ActiveCfg = Debug|Any CPU
		{6BE15CC5-80EC-4773-A03C-18F9729B5D74}.Debug|Any CPU.Build.0 = Debug|Any CPU
		{6BE15CC5-80EC-4773-A03C-18F9729B5D74}.Release|Any CPU.ActiveCfg = Release|Any CPU
		{6BE15CC5-80EC-4773-A03C-18F9729B5D74}.Release|Any CPU.Build.0 = Release|Any CPU
	EndGlobalSection
	GlobalSection(SolutionProperties) = preSolution
		HideSolutionNode = FALSE
	EndGlobalSection
	GlobalSection(ExtensibilityGlobals) = postSolution
		SolutionGuid = {D6D951A0-E73A-422F-BE28-024ADA9C059F}
	EndGlobalSection
EndGlobal
